
Microsoft Visual Studio Solution File, Format Version 12.00
Project("{2150E333-8FDC-42A3-9474-1A3956D46DE8}") = "src", "src", "{333C319D-1C87-499F-B962-07A561433DB4}"
EndProject
Project("{2150E333-8FDC-42A3-9474-1A3956D46DE8}") = "tests", "tests", "{8383CA32-10EF-4708-87D0-C0732759E4F3}"
EndProject
Project("{FAE04EC0-301F-11D3-BF4B-00C04F79EFBC}") = "Domain", "src\Domain\Domain.csproj", "{E01E51AC-253E-485F-A447-28FEE0814DBA}"
EndProject
Project("{FAE04EC0-301F-11D3-BF4B-00C04F79EFBC}") = "Application", "src\Application\Application.csproj", "{F578E3D1-52B4-4C69-A6B4-CC015EC76AD4}"
EndProject
Project("{FAE04EC0-301F-11D3-BF4B-00C04F79EFBC}") = "Infrastructure", "src\Infrastructure\Infrastructure.csproj", "{16B11C90-A63E-49E0-A0D5-532B310D1336}"
EndProject
Project("{FAE04EC0-301F-11D3-BF4B-00C04F79EFBC}") = "Api", "src\Api\Api.csproj", "{186B9AB4-3D2B-42DD-8CD5-D41D421BB0D3}"
EndProject
Project("{FAE04EC0-301F-11D3-BF4B-00C04F79EFBC}") = "Tests.Modular", "tests\Tests.Modular\Tests.Modular.csproj", "{8454CF0C-49EC-4B6A-91D1-70F345A9175A}"
EndProject
Project("{FAE04EC0-301F-11D3-BF4B-00C04F79EFBC}") = "Tests.Integration", "tests\Tests.Integration\Tests.Integration.csproj", "{2F10BE89-D891-4F17-B73D-10C5AE65B226}"
EndProject
Project("{FAE04EC0-301F-11D3-BF4B-00C04F79EFBC}") = "Tests.DB", "tests\Tests.DB\Tests.DB.csproj", "{35DCC05E-1153-4BD6-9A1E-F925235EEC53}"
EndProject
Project("{FAE04EC0-301F-11D3-BF4B-00C04F79EFBC}") = "Tests.K6", "tests\Tests.K6\Tests.K6.csproj", "{8919DB5F-7CC6-4AF3-BA1B-1CD758C95950}"
EndProject
Global
	GlobalSection(SolutionConfigurationPlatforms) = preSolution
		Debug|Any CPU = Debug|Any CPU
		Release|Any CPU = Release|Any CPU
	EndGlobalSection
	GlobalSection(NestedProjects) = preSolution
		{E01E51AC-253E-485F-A447-28FEE0814DBA} = {333C319D-1C87-499F-B962-07A561433DB4}
		{F578E3D1-52B4-4C69-A6B4-CC015EC76AD4} = {333C319D-1C87-499F-B962-07A561433DB4}
		{16B11C90-A63E-49E0-A0D5-532B310D1336} = {333C319D-1C87-499F-B962-07A561433DB4}
		{186B9AB4-3D2B-42DD-8CD5-D41D421BB0D3} = {333C319D-1C87-499F-B962-07A561433DB4}
		{8454CF0C-49EC-4B6A-91D1-70F345A9175A} = {8383CA32-10EF-4708-87D0-C0732759E4F3}
		{2F10BE89-D891-4F17-B73D-10C5AE65B226} = {8383CA32-10EF-4708-87D0-C0732759E4F3}
		{35DCC05E-1153-4BD6-9A1E-F925235EEC53} = {8383CA32-10EF-4708-87D0-C0732759E4F3}
		{8919DB5F-7CC6-4AF3-BA1B-1CD758C95950} = {8383CA32-10EF-4708-87D0-C0732759E4F3}
	EndGlobalSection
	GlobalSection(ProjectConfigurationPlatforms) = postSolution
		{E01E51AC-253E-485F-A447-28FEE0814DBA}.Debug|Any CPU.ActiveCfg = Debug|Any CPU
		{E01E51AC-253E-485F-A447-28FEE0814DBA}.Debug|Any CPU.Build.0 = Debug|Any CPU
		{E01E51AC-253E-485F-A447-28FEE0814DBA}.Release|Any CPU.ActiveCfg = Release|Any CPU
		{E01E51AC-253E-485F-A447-28FEE0814DBA}.Release|Any CPU.Build.0 = Release|Any CPU
		{F578E3D1-52B4-4C69-A6B4-CC015EC76AD4}.Debug|Any CPU.ActiveCfg = Debug|Any CPU
		{F578E3D1-52B4-4C69-A6B4-CC015EC76AD4}.Debug|Any CPU.Build.0 = Debug|Any CPU
		{F578E3D1-52B4-4C69-A6B4-CC015EC76AD4}.Release|Any CPU.ActiveCfg = Release|Any CPU
		{F578E3D1-52B4-4C69-A6B4-CC015EC76AD4}.Release|Any CPU.Build.0 = Release|Any CPU
		{16B11C90-A63E-49E0-A0D5-532B310D1336}.Debug|Any CPU.ActiveCfg = Debug|Any CPU
		{16B11C90-A63E-49E0-A0D5-532B310D1336}.Debug|Any CPU.Build.0 = Debug|Any CPU
		{16B11C90-A63E-49E0-A0D5-532B310D1336}.Release|Any CPU.ActiveCfg = Release|Any CPU
		{16B11C90-A63E-49E0-A0D5-532B310D1336}.Release|Any CPU.Build.0 = Release|Any CPU
		{186B9AB4-3D2B-42DD-8CD5-D41D421BB0D3}.Debug|Any CPU.ActiveCfg = Debug|Any CPU
		{186B9AB4-3D2B-42DD-8CD5-D41D421BB0D3}.Debug|Any CPU.Build.0 = Debug|Any CPU
		{186B9AB4-3D2B-42DD-8CD5-D41D421BB0D3}.Release|Any CPU.ActiveCfg = Release|Any CPU
		{186B9AB4-3D2B-42DD-8CD5-D41D421BB0D3}.Release|Any CPU.Build.0 = Release|Any CPU
		{8454CF0C-49EC-4B6A-91D1-70F345A9175A}.Debug|Any CPU.ActiveCfg = Debug|Any CPU
		{8454CF0C-49EC-4B6A-91D1-70F345A9175A}.Debug|Any CPU.Build.0 = Debug|Any CPU
		{8454CF0C-49EC-4B6A-91D1-70F345A9175A}.Release|Any CPU.ActiveCfg = Release|Any CPU
		{8454CF0C-49EC-4B6A-91D1-70F345A9175A}.Release|Any CPU.Build.0 = Release|Any CPU
		{2F10BE89-D891-4F17-B73D-10C5AE65B226}.Debug|Any CPU.ActiveCfg = Debug|Any CPU
		{2F10BE89-D891-4F17-B73D-10C5AE65B226}.Debug|Any CPU.Build.0 = Debug|Any CPU
		{2F10BE89-D891-4F17-B73D-10C5AE65B226}.Release|Any CPU.ActiveCfg = Release|Any CPU
		{2F10BE89-D891-4F17-B73D-10C5AE65B226}.Release|Any CPU.Build.0 = Release|Any CPU
		{35DCC05E-1153-4BD6-9A1E-F925235EEC53}.Debug|Any CPU.ActiveCfg = Debug|Any CPU
		{35DCC05E-1153-4BD6-9A1E-F925235EEC53}.Debug|Any CPU.Build.0 = Debug|Any CPU
		{35DCC05E-1153-4BD6-9A1E-F925235EEC53}.Release|Any CPU.ActiveCfg = Release|Any CPU
		{35DCC05E-1153-4BD6-9A1E-F925235EEC53}.Release|Any CPU.Build.0 = Release|Any CPU
		{8919DB5F-7CC6-4AF3-BA1B-1CD758C95950}.Debug|Any CPU.ActiveCfg = Debug|Any CPU
		{8919DB5F-7CC6-4AF3-BA1B-1CD758C95950}.Debug|Any CPU.Build.0 = Debug|Any CPU
		{8919DB5F-7CC6-4AF3-BA1B-1CD758C95950}.Release|Any CPU.ActiveCfg = Release|Any CPU
		{8919DB5F-7CC6-4AF3-BA1B-1CD758C95950}.Release|Any CPU.Build.0 = Release|Any CPU
	EndGlobalSection
EndGlobal
